lockfileVersion: '9.0'

settings:
  autoInstallPeers: true
  excludeLinksFromLockfile: false

importers:

  .:
    devDependencies:
      typescript:
        specifier: ^5.3.3
        version: 5.9.3

  packages/client:
    devDependencies:
      react:
        specifier: ^18.2.0
        version: 18.3.1
      typescript:
        specifier: ^5.3.3
        version: 5.9.3
      vue:
        specifier: ^3.4.0
        version: 3.5.28(typescript@5.9.3)

  packages/host:
    devDependencies:
      '@angular/common':
        specifier: ^19.0.0
        version: 19.2.18(@angular/core@19.2.18(rxjs@7.8.2)(zone.js@0.15.1))(rxjs@7.8.2)
      '@angular/core':
        specifier: ^19.0.0
        version: 19.2.18(rxjs@7.8.2)(zone.js@0.15.1)
      '@angular/router':
        specifier: ^19.0.0
        version: 19.2.18(@angular/common@19.2.18(@angular/core@19.2.18(rxjs@7.8.2)(zone.js@0.15.1))(rxjs@7.8.2))(@angular/core@19.2.18(rxjs@7.8.2)(zone.js@0.15.1))(@angular/platform-browser@19.2.18(@angular/common@19.2.18(@angular/core@19.2.18(rxjs@7.8.2)(zone.js@0.15.1))(rxjs@7.8.2))(@angular/core@19.2.18(rxjs@7.8.2)(zone.js@0.15.1)))(rxjs@7.8.2)
      rxjs:
        specifier: ^7.8.1
        version: 7.8.2
      typescript:
        specifier: ^5.3.3
        version: 5.9.3

packages:

  '@angular/common@19.2.18':
    resolution: {integrity: sha512-CrV02Omzw/QtfjlEVXVPJVXipdx83NuA+qSASZYrxrhKFusUZyK3P/Zznqg+wiAeNDbedQwMUVqoAARHf0xQrw==}
    engines: {node: ^18.19.1 || ^20.11.1 || >=22.0.0}
    peerDependencies:
      '@angular/core': 19.2.18
      rxjs: ^6.5.3 || ^7.4.0

  '@angular/core@19.2.18':
    resolution: {integrity: sha512-+QRrf0Igt8ccUWXHA+7doK5W6ODyhHdqVyblSlcQ8OciwkzIIGGEYNZom5OZyWMh+oI54lcSeyV2O3xaDepSrQ==}
    engines: {node: ^18.19.1 || ^20.11.1 || >=22.0.0}
    peerDependencies:
      rxjs: ^6.5.3 || ^7.4.0
      zone.js: ~0.15.0

  '@angular/platform-browser@19.2.18':
    resolution: {integrity: sha512-eahtsHPyXTYLARs9YOlXhnXGgzw0wcyOcDkBvNWK/3lA0NHIgIHmQgXAmBo+cJ+g9skiEQTD2OmSrrwbFKWJkw==}
    engines: {node: ^18.19.1 || ^20.11.1 || >=22.0.0}
    peerDependencies:
      '@angular/animations': 19.2.18
      '@angular/common': 19.2.18
      '@angular/core': 19.2.18
    peerDependenciesMeta:
      '@angular/animations':
        optional: true

  '@angular/router@19.2.18':
    resolution: {integrity: sha512-7cimxtPODSwokFQ0TRYzX0ad8Yjrl0MJfzaDCJejd1n/q7RZ7KZmHd0DS/LkDNXVMEh4swr00fK+3YWG/Szsrg==}
    engines: {node: ^18.19.1 || ^20.11.1 || >=22.0.0}
    peerDependencies:
      '@angular/common': 19.2.18
      '@angular/core': 19.2.18
      '@angular/platform-browser': 19.2.18
      rxjs: ^6.5.3 || ^7.4.0

  '@babel/helper-string-parser@7.27.1':
    resolution: {integrity: sha512-qMlSxKbpRlAridDExk92nSobyDdpPijUq2DW6oDnUqd0iOGxmQjyqhMIihI9+zv4LPyZdRje2cavWPbCbWm3eA==}
    engines: {node: '>=6.9.0'}

  '@babel/helper-validator-identifier@7.28.5':
    resolution: {integrity: sha512-qSs4ifwzKJSV39ucNjsvc6WVHs6b7S03sOh2OcHF9UHfVPqWWALUsNUVzhSBiItjRZoLHx7nIarVjqKVusUZ1Q==}
    engines: {node: '>=6.9.0'}

  '@babel/parser@7.29.0':
    resolution: {integrity: sha512-IyDgFV5GeDUVX4YdF/3CPULtVGSXXMLh1xVIgdCgxApktqnQV0r7/8Nqthg+8YLGaAtdyIlo2qIdZrbCv4+7ww==}
    engines: {node: '>=6.0.0'}
    hasBin: true

  '@babel/types@7.29.0':
    resolution: {integrity: sha512-LwdZHpScM4Qz8Xw2iKSzS+cfglZzJGvofQICy7W7v4caru4EaAmyUuO6BGrbyQ2mYV11W0U8j5mBhd14dd3B0A==}
    engines: {node: '>=6.9.0'}

  '@jridgewell/sourcemap-codec@1.5.5':
    resolution: {integrity: sha512-cYQ9310grqxueWbl+WuIUIaiUaDcj7WOq5fVhEljNVgRfOUhY9fy2zTvfoqWsnebh8Sl70VScFbICvJnLKB0Og==}

  '@vue/compiler-core@3.5.28':
    resolution: {integrity: sha512-kviccYxTgoE8n6OCw96BNdYlBg2GOWfBuOW4Vqwrt7mSKWKwFVvI8egdTltqRgITGPsTFYtKYfxIG8ptX2PJHQ==}

  '@vue/compiler-dom@3.5.28':
    resolution: {integrity: sha512-/1ZepxAb159jKR1btkefDP+J2xuWL5V3WtleRmxaT+K2Aqiek/Ab/+Ebrw2pPj0sdHO8ViAyyJWfhXXOP/+LQA==}

  '@vue/compiler-sfc@3.5.28':
    resolution: {integrity: sha512-6TnKMiNkd6u6VeVDhZn/07KhEZuBSn43Wd2No5zaP5s3xm8IqFTHBj84HJah4UepSUJTro5SoqqlOY22FKY96g==}

  '@vue/compiler-ssr@3.5.28':
    resolution: {integrity: sha512-JCq//9w1qmC6UGLWJX7RXzrGpKkroubey/ZFqTpvEIDJEKGgntuDMqkuWiZvzTzTA5h2qZvFBFHY7fAAa9475g==}

  '@vue/reactivity@3.5.28':
    resolution: {integrity: sha512-gr5hEsxvn+RNyu9/9o1WtdYdwDjg5FgjUSBEkZWqgTKlo/fvwZ2+8W6AfKsc9YN2k/+iHYdS9vZYAhpi10kNaw==}

  '@vue/runtime-core@3.5.28':
    resolution: {integrity: sha512-POVHTdbgnrBBIpnbYU4y7pOMNlPn2QVxVzkvEA2pEgvzbelQq4ZOUxbp2oiyo+BOtiYlm8Q44wShHJoBvDPAjQ==}

  '@vue/runtime-dom@3.5.28':
    resolution: {integrity: sha512-4SXxSF8SXYMuhAIkT+eBRqOkWEfPu6nhccrzrkioA6l0boiq7sp18HCOov9qWJA5HML61kW8p/cB4MmBiG9dSA==}

  '@vue/server-renderer@3.5.28':
    resolution: {integrity: sha512-pf+5ECKGj8fX95bNincbzJ6yp6nyzuLDhYZCeFxUNp8EBrQpPpQaLX3nNCp49+UbgbPun3CeVE+5CXVV1Xydfg==}
    peerDependencies:
      vue: 3.5.28

  '@vue/shared@3.5.28':
    resolution: {integrity: sha512-cfWa1fCGBxrvaHRhvV3Is0MgmrbSCxYTXCSCau2I0a1Xw1N1pHAvkWCiXPRAqjvToILvguNyEwjevUqAuBQWvQ==}

  csstype@3.2.3:
    resolution: {integrity: sha512-z1HGKcYy2xA8AGQfwrn0PAy+PB7X/GSj3UVJW9qKyn43xWa+gl5nXmU4qqLMRzWVLFC8KusUX8T/0kCiOYpAIQ==}

  entities@7.0.1:
    resolution: {integrity: sha512-TWrgLOFUQTH994YUyl1yT4uyavY5nNB5muff+RtWaqNVCAK408b5ZnnbNAUEWLTCpum9w6arT70i1XdQ4UeOPA==}
    engines: {node: '>=0.12'}

  estree-walker@2.0.2:
    resolution: {integrity: sha512-Rfkk/Mp/DL7JVje3u18FxFujQlTNR2q6QfMSMB7AvCBx91NGj/ba3kCfza0f6dVDbw7YlRf/nDrn7pQrCCyQ/w==}

  js-tokens@4.0.0:
    resolution: {integrity: sha512-RdJUflcE3cUzKiMqQgsCu06FPu9UdIJO0beYbPhHN4k6apgJtifcoCtT9bcxOpYBtpD2kCM6Sbzg4CausW/PKQ==}

  loose-envify@1.4.0:
    resolution: {integrity: sha512-lyuxPGr/Wfhrlem2CL/UcnUc1zcqKAImBDzukY7Y5F/yQiNdko6+fRLevlw1HgMySw7f611UIY408EtxRSoK3Q==}
    hasBin: true

  magic-string@0.30.21:
    resolution: {integrity: sha512-vd2F4YUyEXKGcLHoq+TEyCjxueSeHnFxyyjNp80yg0XV4vUhnDer/lvvlqM/arB5bXQN5K2/3oinyCRyx8T2CQ==}

  nanoid@3.3.11:
    resolution: {integrity: sha512-N8SpfPUnUp1bK+PMYW8qSWdl9U+wwNWI4QKxOYDy9JAro3WMX7p2OeVRF9v+347pnakNevPmiHhNmZ2HbFA76w==}
    engines: {node: ^10 || ^12 || ^13.7 || ^14 || >=15.0.1}
    hasBin: true

  picocolors@1.1.1:
    resolution: {integrity: sha512-xceH2snhtb5M9liqDsmEw56le376mTZkEX/jEb/RxNFyegNul7eNslCXP9FDj/Lcu0X8KEyMceP2ntpaHrDEVA==}

  postcss@8.5.6:
    resolution: {integrity: sha512-3Ybi1tAuwAP9s0r1UQ2J4n5Y0G05bJkpUIO0/bI9MhwmD70S5aTWbXGBwxHrelT+XM1k6dM0pk+SwNkpTRN7Pg==}
    engines: {node: ^10 || ^12 || >=14}

  react@18.3.1:
    resolution: {integrity: sha512-wS+hAgJShR0KhEvPJArfuPVN1+Hz1t0Y6n5jLrGQbkb4urgPE/0Rve+1kMB1v/oWgHgm4WIcV+i7F2pTVj+2iQ==}
    engines: {node: '>=0.10.0'}

  rxjs@7.8.2:
    resolution: {integrity: sha512-dhKf903U/PQZY6boNNtAGdWbG85WAbjT/1xYoZIC7FAY0yWapOBQVsVrDl58W86//e1VpMNBtRV4MaXfdMySFA==}

  source-map-js@1.2.1:
    resolution: {integrity: sha512-UXWMKhLOwVKb728IUtQPXxfYU+usdybtUrK/8uGE8CQMvrhOpwvzDBwj0QhSL7MQc7vIsISBG8VQ8+IDQxpfQA==}
    engines: {node: '>=0.10.0'}

  tslib@2.8.1:
    resolution: {integrity: sha512-oJFu94HQb+KVduSUQL7wnpmqnfmLsOA/nAh6b6EH0wCEoK0/mPeXU6c3wKDV83MkOuHPRHtSXKKU99IBazS/2w==}

  typescript@5.9.3:
    resolution: {integrity: sha512-jl1vZzPDinLr9eUt3J/t7V6FgNEw9QjvBPdysz9KfQDD41fQrC2Y4vKQdiaUpFT4bXlb1RHhLpp8wtm6M5TgSw==}
    engines: {node: '>=14.17'}
    hasBin: true

  vue@3.5.28:
    resolution: {integrity: sha512-BRdrNfeoccSoIZeIhyPBfvWSLFP4q8J3u8Ju8Ug5vu3LdD+yTM13Sg4sKtljxozbnuMu1NB1X5HBHRYUzFocKg==}
    peerDependencies:
      typescript: '*'
    peerDependenciesMeta:
      typescript:
        optional: true

  zone.js@0.15.1:
    resolution: {integrity: sha512-XE96n56IQpJM7NAoXswY3XRLcWFW83xe0BiAOeMD7K5k5xecOeul3Qcpx6GqEeeHNkW5DWL5zOyTbEfB4eti8w==}

snapshots:

  '@angular/common@19.2.18(@angular/core@19.2.18(rxjs@7.8.2)(zone.js@0.15.1))(rxjs@7.8.2)':
    dependencies:
      '@angular/core': 19.2.18(rxjs@7.8.2)(zone.js@0.15.1)
      rxjs: 7.8.2
      tslib: 2.8.1

  '@angular/core@19.2.18(rxjs@7.8.2)(zone.js@0.15.1)':
    dependencies:
      rxjs: 7.8.2
      tslib: 2.8.1
      zone.js: 0.15.1

  '@angular/platform-browser@19.2.18(@angular/common@19.2.18(@angular/core@19.2.18(rxjs@7.8.2)(zone.js@0.15.1))(rxjs@7.8.2))(@angular/core@19.2.18(rxjs@7.8.2)(zone.js@0.15.1))':
    dependencies:
      '@angular/common': 19.2.18(@angular/core@19.2.18(rxjs@7.8.2)(zone.js@0.15.1))(rxjs@7.8.2)
      '@angular/core': 19.2.18(rxjs@7.8.2)(zone.js@0.15.1)
      tslib: 2.8.1

  '@angular/router@19.2.18(@angular/common@19.2.18(@angular/core@19.2.18(rxjs@7.8.2)(zone.js@0.15.1))(rxjs@7.8.2))(@angular/core@19.2.18(rxjs@7.8.2)(zone.js@0.15.1))(@angular/platform-browser@19.2.18(@angular/common@19.2.18(@angular/core@19.2.18(rxjs@7.8.2)(zone.js@0.15.1))(rxjs@7.8.2))(@angular/core@19.2.18(rxjs@7.8.2)(zone.js@0.15.1)))(rxjs@7.8.2)':
    dependencies:
      '@angular/common': 19.2.18(@angular/core@19.2.18(rxjs@7.8.2)(zone.js@0.15.1))(rxjs@7.8.2)
      '@angular/core': 19.2.18(rxjs@7.8.2)(zone.js@0.15.1)
      '@angular/platform-browser': 19.2.18(@angular/common@19.2.18(@angular/core@19.2.18(rxjs@7.8.2)(zone.js@0.15.1))(rxjs@7.8.2))(@angular/core@19.2.18(rxjs@7.8.2)(zone.js@0.15.1))
      rxjs: 7.8.2
      tslib: 2.8.1

  '@babel/helper-string-parser@7.27.1': {}

  '@babel/helper-validator-identifier@7.28.5': {}

  '@babel/parser@7.29.0':
    dependencies:
      '@babel/types': 7.29.0

  '@babel/types@7.29.0':
    dependencies:
      '@babel/helper-string-parser': 7.27.1
      '@babel/helper-validator-identifier': 7.28.5

  '@jridgewell/sourcemap-codec@1.5.5': {}

  '@vue/compiler-core@3.5.28':
    dependencies:
      '@babel/parser': 7.29.0
      '@vue/shared': 3.5.28
      entities: 7.0.1
      estree-walker: 2.0.2
      source-map-js: 1.2.1

  '@vue/compiler-dom@3.5.28':
    dependencies:
      '@vue/compiler-core': 3.5.28
      '@vue/shared': 3.5.28

  '@vue/compiler-sfc@3.5.28':
    dependencies:
      '@babel/parser': 7.29.0
      '@vue/compiler-core': 3.5.28
      '@vue/compiler-dom': 3.5.28
      '@vue/compiler-ssr': 3.5.28
      '@vue/shared': 3.5.28
      estree-walker: 2.0.2
      magic-string: 0.30.21
      postcss: 8.5.6
      source-map-js: 1.2.1

  '@vue/compiler-ssr@3.5.28':
    dependencies:
      '@vue/compiler-dom': 3.5.28
      '@vue/shared': 3.5.28

  '@vue/reactivity@3.5.28':
    dependencies:
      '@vue/shared': 3.5.28

  '@vue/runtime-core@3.5.28':
    dependencies:
      '@vue/reactivity': 3.5.28
      '@vue/shared': 3.5.28

  '@vue/runtime-dom@3.5.28':
    dependencies:
      '@vue/reactivity': 3.5.28
      '@vue/runtime-core': 3.5.28
      '@vue/shared': 3.5.28
      csstype: 3.2.3

  '@vue/server-renderer@3.5.28(vue@3.5.28(typescript@5.9.3))':
    dependencies:
      '@vue/compiler-ssr': 3.5.28
      '@vue/shared': 3.5.28
      vue: 3.5.28(typescript@5.9.3)

  '@vue/shared@3.5.28': {}

  csstype@3.2.3: {}

  entities@7.0.1: {}

  estree-walker@2.0.2: {}

  js-tokens@4.0.0: {}

  loose-envify@1.4.0:
    dependencies:
      js-tokens: 4.0.0

  magic-string@0.30.21:
    dependencies:
      '@jridgewell/sourcemap-codec': 1.5.5

  nanoid@3.3.11: {}

  picocolors@1.1.1: {}

  postcss@8.5.6:
    dependencies:
      nanoid: 3.3.11
      picocolors: 1.1.1
      source-map-js: 1.2.1

  react@18.3.1:
    dependencies:
      loose-envify: 1.4.0

  rxjs@7.8.2:
    dependencies:
      tslib: 2.8.1

  source-map-js@1.2.1: {}

  tslib@2.8.1: {}

  typescript@5.9.3: {}

  vue@3.5.28(typescript@5.9.3):
    dependencies:
      '@vue/compiler-dom': 3.5.28
      '@vue/compiler-sfc': 3.5.28
      '@vue/runtime-dom': 3.5.28
      '@vue/server-renderer': 3.5.28(vue@3.5.28(typescript@5.9.3))
      '@vue/shared': 3.5.28
    optionalDependencies:
      typescript: 5.9.3

  zone.js@0.15.1: {}
